Microsoft Visual Studio Solution File, Format Version 12.00
# Visual Studio Version 17
VisualStudioVersion = 17.5.2.0
MinimumVisualStudioVersion = 10.0.40219.1
Project("{FAE04EC0-301F-11D3-BF4B-00C04F79EFBC}") = "AgendaProPH", "AgendaProPH.csproj", "{010D159E-B96E-F225-5A98-77F4AFE0460D}"
EndProject
Global
	GlobalSection(SolutionConfigurationPlatforms) = preSolution
		Debug|Any CPU = Debug|Any CPU
		Release|Any CPU = Release|Any CPU
	EndGlobalSection
	GlobalSection(ProjectConfigurationPlatforms) = postSolution
		{010D159E-B96E-F225-5A98-77F4AFE0460D}.Debug|Any CPU.ActiveCfg = Debug|Any CPU
		{010D159E-B96E-F225-5A98-77F4AFE0460D}.Debug|Any CPU.Build.0 = Debug|Any CPU
		{010D159E-B96E-F225-5A98-77F4AFE0460D}.Release|Any CPU.ActiveCfg = Release|Any CPU
		{010D159E-B96E-F225-5A98-77F4AFE0460D}.Release|Any CPU.Build.0 = Release|Any CPU
	EndGlobalSection
	GlobalSection(SolutionProperties) = preSolution
		HideSolutionNode = FALSE
	EndGlobalSection
	GlobalSection(ExtensibilityGlobals) = postSolution
		SolutionGuid = {2BAC92EE-2760-4285-B284-038BAEAC5A17}
	EndGlobalSection
EndGlobal
